
Microsoft Visual Studio Solution File, Format Version 12.00
# Visual Studio 15
VisualStudioVersion = 15.0.27130.2010
MinimumVisualStudioVersion = 10.0.40219.1
Project("{FAE04EC0-301F-11D3-BF4B-00C04F79EFBC}") = "inclass2", "inclass2\inclass2.csproj", "{E107D103-E0E6-4BBE-9969-0A3F9BC0CC61}"
EndProject
Global
	GlobalSection(SolutionConfigurationPlatforms) = preSolution
		Debug|Any CPU = Debug|Any CPU
		Release|Any CPU = Release|Any CPU
	EndGlobalSection
	GlobalSection(ProjectConfigurationPlatforms) = postSolution
		{E107D103-E0E6-4BBE-9969-0A3F9BC0CC61}.Debug|Any CPU.ActiveCfg = Debug|Any CPU
		{E107D103-E0E6-4BBE-9969-0A3F9BC0CC61}.Debug|Any CPU.Build.0 = Debug|Any CPU
		{E107D103-E0E6-4BBE-9969-0A3F9BC0CC61}.Release|Any CPU.ActiveCfg = Release|Any CPU
		{E107D103-E0E6-4BBE-9969-0A3F9BC0CC61}.Release|Any CPU.Build.0 = Release|Any CPU
	EndGlobalSection
	GlobalSection(SolutionProperties) = preSolution
		HideSolutionNode = FALSE
	EndGlobalSection
	GlobalSection(ExtensibilityGlobals) = postSolution
		SolutionGuid = {4122F6D8-E1A5-4D6A-83F0-3FA6FC5C7921}
	EndGlobalSection
EndGlobal
